
Microsoft Visual Studio Solution File, Format Version 12.00
# Visual Studio 15
VisualStudioVersion = 15.0.28307.1231
MinimumVisualStudioVersion = 10.0.40219.1
Project("{FAE04EC0-301F-11D3-BF4B-00C04F79EFBC}") = "CardGame", "CardGame\CardGame.csproj", "{D3ECA257-D4F3-47AE-90D1-642C72930DAB}"
EndProject
Global
	GlobalSection(SolutionConfigurationPlatforms) = preSolution
		Debug|Any CPU = Debug|Any CPU
		Release|Any CPU = Release|Any CPU
	EndGlobalSection
	GlobalSection(ProjectConfigurationPlatforms) = postSolution
		{D3ECA257-D4F3-47AE-90D1-642C72930DAB}.Debug|Any CPU.ActiveCfg = Debug|Any CPU
		{D3ECA257-D4F3-47AE-90D1-642C72930DAB}.Debug|Any CPU.Build.0 = Debug|Any CPU
		{D3ECA257-D4F3-47AE-90D1-642C72930DAB}.Release|Any CPU.ActiveCfg = Release|Any CPU
		{D3ECA257-D4F3-47AE-90D1-642C72930DAB}.Release|Any CPU.Build.0 = Release|Any CPU
	EndGlobalSection
	GlobalSection(SolutionProperties) = preSolution
		HideSolutionNode = FALSE
	EndGlobalSection
	GlobalSection(ExtensibilityGlobals) = postSolution
		SolutionGuid = {2810F08C-651F-4DBC-8F76-F21C84AF0C83}
	EndGlobalSection
EndGlobal
